// !$*UTF8*$!
{
	archiveVersion = 1;
	classes = {
	};
	objectVersion = 50;
	objects = {

/* Begin PBXBuildFile section */
		6DF92A69248F053A00FED26A /* AppDelegate.swift in Sources */ = {isa = PBXBuildFile; fileRef = 6DF92A68248F053A00FED26A /* AppDelegate.swift */; };
		6DF92A6B248F053A00FED26A /* SceneDelegate.swift in Sources */ = {isa = PBXBuildFile; fileRef = 6DF92A6A248F053A00FED26A /* SceneDelegate.swift */; };
		6DF92A6D248F053A00FED26A /* ViewController.swift in Sources */ = {isa = PBXBuildFile; fileRef = 6DF92A6C248F053A00FED26A /* ViewController.swift */; };
		6DF92A70248F053A00FED26A /* Main.storyboard in Resources */ = {isa = PBXBuildFile; fileRef = 6DF92A6E248F053A00FED26A /* Main.storyboard */; };
		6DF92A72248F053C00FED26A /* Assets.xcassets in Resources */ = {isa = PBXBuildFile; fileRef = 6DF92A71248F053C00FED26A /* Assets.xcassets */; };
		6DF92A75248F053C00FED26A /* LaunchScreen.storyboard in Resources */ = {isa = PBXBuildFile; fileRef = 6DF92A73248F053C00FED26A /* LaunchScreen.storyboard */; };
		6DF92A80248F053C00FED26A /* GithubTests.swift in Sources */ = {isa = PBXBuildFile; fileRef = 6DF92A7F248F053C00FED26A /* GithubTests.swift */; };
		6DF92A8B248F053C00FED26A /* GithubUITests.swift in Sources */ = {isa = PBXBuildFile; fileRef = 6DF92A8A248F053C00FED26A /* GithubUITests.swift */; };
/* End PBXBuildFile section */

/* Begin PBXContainerItemProxy section */
		6DF92A7C248F053C00FED26A /* PBXContainerItemProxy */ = {
			isa = PBXContainerItemProxy;
			containerPortal = 6DF92A5D248F053A00FED26A /* Project object */;
			proxyType = 1;
			remoteGlobalIDString = 6DF92A64248F053A00FED26A;
			remoteInfo = Github;
		};
		6DF92A87248F053C00FED26A /* PBXContainerItemProxy */ = {
			isa = PBXContainerItemProxy;
			containerPortal = 6DF92A5D248F053A00FED26A /* Project object */;
			proxyType = 1;
			remoteGlobalIDString = 6DF92A64248F053A00FED26A;
			remoteInfo = Github;
		};
/* End PBXContainerItemProxy section */

/* Begin PBXFileReference section */
		6DF92A65248F053A00FED26A /* Github.app */ = {isa = PBXFileReference; explicitFileType = wrapper.application; includeInIndex = 0; path = Github.app; sourceTree = BUILT_PRODUCTS_DIR; };
		6DF92A68248F053A00FED26A /* AppDelegate.swift */ = {isa = PBXFileReference; lastKnownFileType = sourcecode.swift; path = AppDelegate.swift; sourceTree = "<group>"; };
		6DF92A6A248F053A00FED26A /* SceneDelegate.swift */ = {isa = PBXFileReference; lastKnownFileType = sourcecode.swift; path = SceneDelegate.swift; sourceTree = "<group>"; };
		6DF92A6C248F053A00FED26A /* ViewController.swift */ = {isa = PBXFileReference; lastKnownFileType = sourcecode.swift; path = ViewController.swift; sourceTree = "<group>"; };
		6DF92A6F248F053A00FED26A /* Base */ = {isa = PBXFileReference; lastKnownFileType = file.storyboard; name = Base; path = Base.lproj/Main.storyboard; sourceTree = "<group>"; };
		6DF92A71248F053C00FED26A /* Assets.xcassets */ = {isa = PBXFileReference; lastKnownFileType = folder.assetcatalog; path = Assets.xcassets; sourceTree = "<group>"; };
		6DF92A74248F053C00FED26A /* Base */ = {isa = PBXFileReference; lastKnownFileType = file.storyboard; name = Base; path = Base.lproj/LaunchScreen.storyboard; sourceTree = "<group>"; };
		6DF92A76248F053C00FED26A /* Info.plist */ = {isa = PBXFileReference; lastKnownFileType = text.plist.xml; path = Info.plist; sourceTree = "<group>"; };
		6DF92A7B248F053C00FED26A /* GithubTests.xctest */ = {isa = PBXFileReference; explicitFileType = wrapper.cfbundle; includeInIndex = 0; path = GithubTests.xctest; sourceTree = BUILT_PRODUCTS_DIR; };
		6DF92A7F248F053C00FED26A /* GithubTests.swift */ = {isa = PBXFileReference; lastKnownFileType = sourcecode.swift; path = GithubTests.swift; sourceTree = "<group>"; };
		6DF92A81248F053C00FED26A /* Info.plist */ = {isa = PBXFileReference; lastKnownFileType = text.plist.xml; path = Info.plist; sourceTree = "<group>"; };
		6DF92A86248F053C00FED26A /* GithubUITests.xctest */ = {isa = PBXFileReference; explicitFileType = wrapper.cfbundle; includeInIndex = 0; path = GithubUITests.xctest; sourceTree = BUILT_PRODUCTS_DIR; };
		6DF92A8A248F053C00FED26A /* GithubUITests.swift */ = {isa = PBXFileReference; lastKnownFileType = sourcecode.swift; path = GithubUITests.swift; sourceTree = "<group>"; };
		6DF92A8C248F053C00FED26A /* Info.plist */ = {isa = PBXFileReference; lastKnownFileType = text.plist.xml; path = Info.plist; sourceTree = "<group>"; };
/* End PBXFileReference section */

/* Begin PBXFrameworksBuildPhase section */
		6DF92A62248F053A00FED26A /* Frameworks */ = {
			isa = PBXFrameworksBuildPhase;
			buildActionMask = 2147483647;
			files = (
			);
			runOnlyForDeploymentPostprocessing = 0;
		};
		6DF92A78248F053C00FED26A /* Frameworks */ = {
			isa = PBXFrameworksBuildPhase;
			buildActionMask = 2147483647;
			files = (
			);
			runOnlyForDeploymentPostprocessing = 0;
		};
		6DF92A83248F053C00FED26A /* Frameworks */ = {
			isa = PBXFrameworksBuildPhase;
			buildActionMask = 2147483647;
			files = (
			);
			runOnlyForDeploymentPostprocessing = 0;
		};
/* End PBXFrameworksBuildPhase section */

/* Begin PBXGroup section */
		6DF92A5C248F053A00FED26A = {
			isa = PBXGroup;
			children = (
				6DF92A67248F053A00FED26A /* Github */,
				6DF92A7E248F053C00FED26A /* GithubTests */,
				6DF92A89248F053C00FED26A /* GithubUITests */,
				6DF92A66248F053A00FED26A /* Products */,
			);
			sourceTree = "<group>";
		};
		6DF92A66248F053A00FED26A /* Products */ = {
			isa = PBXGroup;
			children = (
				6DF92A65248F053A00FED26A /* Github.app */,
				6DF92A7B248F053C00FED26A /* GithubTests.xctest */,
				6DF92A86248F053C00FED26A /* GithubUITests.xctest */,
			);
			name = Products;
			sourceTree = "<group>";
		};
		6DF92A67248F053A00FED26A /* Github */ = {
			isa = PBXGroup;
			children = (
				6DF92A68248F053A00FED26A /* AppDelegate.swift */,
				6DF92A6A248F053A00FED26A /* SceneDelegate.swift */,
				6DF92A6C248F053A00FED26A /* ViewController.swift */,
				6DF92A6E248F053A00FED26A /* Main.storyboard */,
				6DF92A71248F053C00FED26A /* Assets.xcassets */,
				6DF92A73248F053C00FED26A /* LaunchScreen.storyboard */,
				6DF92A76248F053C00FED26A /* Info.plist */,
			);
			path = Github;
			sourceTree = "<group>";
		};
		6DF92A7E248F053C00FED26A /* GithubTests */ = {
			isa = PBXGroup;
			children = (
				6DF92A7F248F053C00FED26A /* GithubTests.swift */,
				6DF92A81248F053C00FED26A /* Info.plist */,
			);
			path = GithubTests;
			sourceTree = "<group>";
		};
		6DF92A89248F053C00FED26A /* GithubUITests */ = {
			isa = PBXGroup;
			children = (
				6DF92A8A248F053C00FED26A /* GithubUITests.swift */,
				6DF92A8C248F053C00FED26A /* Info.plist */,
			);
			path = GithubUITests;
			sourceTree = "<group>";
		};
/* End PBXGroup section */

/* Begin PBXNativeTarget section */
		6DF92A64248F053A00FED26A /* Github */ = {
			isa = PBXNativeTarget;
			buildConfigurationList = 6DF92A8F248F053C00FED26A /* Build configuration list for PBXNativeTarget "Github" */;
			buildPhases = (
				6DF92A61248F053A00FED26A /* Sources */,
				6DF92A62248F053A00FED26A /* Frameworks */,
				6DF92A63248F053A00FED26A /* Resources */,
			);
			buildRules = (
			);
			dependencies = (
			);
			name = Github;
			productName = Github;
			productReference = 6DF92A65248F053A00FED26A /* Github.app */;
			productType = "com.apple.product-type.application";
		};
		6DF92A7A248F053C00FED26A /* GithubTests */ = {
			isa = PBXNativeTarget;
			buildConfigurationList = 6DF92A92248F053C00FED26A /* Build configuration list for PBXNativeTarget "GithubTests" */;
			buildPhases = (
				6DF92A77248F053C00FED26A /* Sources */,
				6DF92A78248F053C00FED26A /* Frameworks */,
				6DF92A79248F053C00FED26A /* Resources */,
			);
			buildRules = (
			);
			dependencies = (
				6DF92A7D248F053C00FED26A /* PBXTargetDependency */,
			);
			name = GithubTests;
			productName = GithubTests;
			productReference = 6DF92A7B248F053C00FED26A /* GithubTests.xctest */;
			productType = "com.apple.product-type.bundle.unit-test";
		};
		6DF92A85248F053C00FED26A /* GithubUITests */ = {
			isa = PBXNativeTarget;
			buildConfigurationList = 6DF92A95248F053C00FED26A /* Build configuration list for PBXNativeTarget "GithubUITests" */;
			buildPhases = (
				6DF92A82248F053C00FED26A /* Sources */,
				6DF92A83248F053C00FED26A /* Frameworks */,
				6DF92A84248F053C00FED26A /* Resources */,
			);
			buildRules = (
			);
			dependencies = (
				6DF92A88248F053C00FED26A /* PBXTargetDependency */,
			);
			name = GithubUITests;
			productName = GithubUITests;
			productReference = 6DF92A86248F053C00FED26A /* GithubUITests.xctest */;
			productType = "com.apple.product-type.bundle.ui-testing";
		};
/* End PBXNativeTarget section */

/* Begin PBXProject section */
		6DF92A5D248F053A00FED26A /* Project object */ = {
			isa = PBXProject;
			attributes = {
				LastSwiftUpdateCheck = 1130;
				LastUpgradeCheck = 1130;
				ORGANIZATIONNAME = "Pablo Rosalvo de Melo Lopes";
				TargetAttributes = {
					6DF92A64248F053A00FED26A = {
						CreatedOnToolsVersion = 11.3;
					};
					6DF92A7A248F053C00FED26A = {
						CreatedOnToolsVersion = 11.3;
						TestTargetID = 6DF92A64248F053A00FED26A;
					};
					6DF92A85248F053C00FED26A = {
						CreatedOnToolsVersion = 11.3;
						TestTargetID = 6DF92A64248F053A00FED26A;
					};
				};
			};
			buildConfigurationList = 6DF92A60248F053A00FED26A /* Build configuration list for PBXProject "Github" */;
			compatibilityVersion = "Xcode 9.3";
			developmentRegion = en;
			hasScannedForEncodings = 0;
			knownRegions = (
				en,
				Base,
			);
			mainGroup = 6DF92A5C248F053A00FED26A;
			productRefGroup = 6DF92A66248F053A00FED26A /* Products */;
			projectDirPath = "";
			projectRoot = "";
			targets = (
				6DF92A64248F053A00FED26A /* Github */,
				6DF92A7A248F053C00FED26A /* GithubTests */,
				6DF92A85248F053C00FED26A /* GithubUITests */,
			);
		};
/* End PBXProject section */

/* Begin PBXResourcesBuildPhase section */
		6DF92A63248F053A00FED26A /* Resources */ = {
			isa = PBXResourcesBuildPhase;
			buildActionMask = 2147483647;
			files = (
				6DF92A75248F053C00FED26A /* LaunchScreen.storyboard in Resources */,
				6DF92A72248F053C00FED26A /* Assets.xcassets in Resources */,
				6DF92A70248F053A00FED26A /* Main.storyboard in Resources */,
			);
			runOnlyForDeploymentPostprocessing = 0;
		};
		6DF92A79248F053C00FED26A /* Resources */ = {
			isa = PBXResourcesBuildPhase;
			buildActionMask = 2147483647;
			files = (
			);
			runOnlyForDeploymentPostprocessing = 0;
		};
		6DF92A84248F053C00FED26A /* Resources */ = {
			isa = PBXResourcesBuildPhase;
			buildActionMask = 2147483647;
			files = (
			);
			runOnlyForDeploymentPostprocessing = 0;
		};
/* End PBXResourcesBuildPhase section */

/* Begin PBXSourcesBuildPhase section */
		6DF92A61248F053A00FED26A /* Sources */ = {
			isa = PBXSourcesBuildPhase;
			buildActionMask = 2147483647;
			files = (
				6DF92A6D248F053A00FED26A /* ViewController.swift in Sources */,
				6DF92A69248F053A00FED26A /* AppDelegate.swift in Sources */,
				6DF92A6B248F053A00FED26A /* SceneDelegate.swift in Sources */,
			);
			runOnlyForDeploymentPostprocessing = 0;
		};
		6DF92A77248F053C00FED26A /* Sources */ = {
			isa = PBXSourcesBuildPhase;
			buildActionMask = 2147483647;
			files = (
				6DF92A80248F053C00FED26A /* GithubTests.swift in Sources */,
			);
			runOnlyForDeploymentPostprocessing = 0;
		};
		6DF92A82248F053C00FED26A /* Sources */ = {
			isa = PBXSourcesBuildPhase;
			buildActionMask = 2147483647;
			files = (
				6DF92A8B248F053C00FED26A /* GithubUITests.swift in Sources */,
			);
			runOnlyForDeploymentPostprocessing = 0;
		};
/* End PBXSourcesBuildPhase section */

/* Begin PBXTargetDependency section */
		6DF92A7D248F053C00FED26A /* PBXTargetDependency */ = {
			isa = PBXTargetDependency;
			target = 6DF92A64248F053A00FED26A /* Github */;
			targetProxy = 6DF92A7C248F053C00FED26A /* PBXContainerItemProxy */;
		};
		6DF92A88248F053C00FED26A /* PBXTargetDependency */ = {
			isa = PBXTargetDependency;
			target = 6DF92A64248F053A00FED26A /* Github */;
			targetProxy = 6DF92A87248F053C00FED26A /* PBXContainerItemProxy */;
		};
/* End PBXTargetDependency section */

/* Begin PBXVariantGroup section */
		6DF92A6E248F053A00FED26A /* Main.storyboard */ = {
			isa = PBXVariantGroup;
			children = (
				6DF92A6F248F053A00FED26A /* Base */,
			);
			name = Main.storyboard;
			sourceTree = "<group>";
		};
		6DF92A73248F053C00FED26A /* LaunchScreen.storyboard */ = {
			isa = PBXVariantGroup;
			children = (
				6DF92A74248F053C00FED26A /* Base */,
			);
			name = LaunchScreen.storyboard;
			sourceTree = "<group>";
		};
/* End PBXVariantGroup section */

/* Begin XCBuildConfiguration section */
		6DF92A8D248F053C00FED26A /* Debug */ = {
			isa = XCBuildConfiguration;
			buildSettings = {
				ALWAYS_SEARCH_USER_PATHS = NO;
				CLANG_ANALYZER_NONNULL = YES;
				CLANG_ANALYZER_NUMBER_OBJECT_CONVERSION = YES_AGGRESSIVE;
				CLANG_CXX_LANGUAGE_STANDARD = "gnu++14";
				CLANG_CXX_LIBRARY = "libc++";
				CLANG_ENABLE_MODULES = YES;
				CLANG_ENABLE_OBJC_ARC = YES;
				CLANG_ENABLE_OBJC_WEAK = YES;
				CLANG_WARN_BLOCK_CAPTURE_AUTORELEASING = YES;
				CLANG_WARN_BOOL_CONVERSION = YES;
				CLANG_WARN_COMMA = YES;
				CLANG_WARN_CONSTANT_CONVERSION = YES;
				CLANG_WARN_DEPRECATED_OBJC_IMPLEMENTATIONS = YES;
				CLANG_WARN_DIRECT_OBJC_ISA_USAGE = YES_ERROR;
				CLANG_WARN_DOCUMENTATION_COMMENTS = YES;
				CLANG_WARN_EMPTY_BODY = YES;
				CLANG_WARN_ENUM_CONVERSION = YES;
				CLANG_WARN_INFINITE_RECURSION = YES;
				CLANG_WARN_INT_CONVERSION = YES;
				CLANG_WARN_NON_LITERAL_NULL_CONVERSION = YES;
				CLANG_WARN_OBJC_IMPLICIT_RETAIN_SELF = YES;
				CLANG_WARN_OBJC_LITERAL_CONVERSION = YES;
				CLANG_WARN_OBJC_ROOT_CLASS = YES_ERROR;
				CLANG_WARN_RANGE_LOOP_ANALYSIS = YES;
				CLANG_WARN_STRICT_PROTOTYPES = YES;
				CLANG_WARN_SUSPICIOUS_MOVE = YES;
				CLANG_WARN_UNGUARDED_AVAILABILITY = YES_AGGRESSIVE;
				CLANG_WARN_UNREACHABLE_CODE = YES;
				CLANG_WARN__DUPLICATE_METHOD_MATCH = YES;
				COPY_PHASE_STRIP = NO;
				DEBUG_INFORMATION_FORMAT = dwarf;
				ENABLE_STRICT_OBJC_MSGSEND = YES;
				ENABLE_TESTABILITY = YES;
				GCC_C_LANGUAGE_STANDARD = gnu11;
				GCC_DYNAMIC_NO_PIC = NO;
				GCC_NO_COMMON_BLOCKS = YES;
				GCC_OPTIMIZATION_LEVEL = 0;
				GCC_PREPROCESSOR_DEFINITIONS = (
					"DEBUG=1",
					"$(inherited)",
				);
				GCC_WARN_64_TO_32_BIT_CONVERSION = YES;
				GCC_WARN_ABOUT_RETURN_TYPE = YES_ERROR;
				GCC_WARN_UNDECLARED_SELECTOR = YES;
				GCC_WARN_UNINITIALIZED_AUTOS = YES_AGGRESSIVE;
				GCC_WARN_UNUSED_FUNCTION = YES;
				GCC_WARN_UNUSED_VARIABLE = YES;
				IPHONEOS_DEPLOYMENT_TARGET = 13.2;
				MTL_ENABLE_DEBUG_INFO = INCLUDE_SOURCE;
				MTL_FAST_MATH = YES;
				ONLY_ACTIVE_ARCH = YES;
				SDKROOT = iphoneos;
				SWIFT_ACTIVE_COMPILATION_CONDITIONS = DEBUG;
				SWIFT_OPTIMIZATION_LEVEL = "-Onone";
			};
			name = Debug;
		};
		6DF92A8E248F053C00FED26A /* Release */ = {
			isa = XCBuildConfiguration;
			buildSettings = {
				ALWAYS_SEARCH_USER_PATHS = NO;
				CLANG_ANALYZER_NONNULL = YES;
				CLANG_ANALYZER_NUMBER_OBJECT_CONVERSION = YES_AGGRESSIVE;
				CLANG_CXX_LANGUAGE_STANDARD = "gnu++14";
				CLANG_CXX_LIBRARY = "libc++";
				CLANG_ENABLE_MODULES = YES;
				CLANG_ENABLE_OBJC_ARC = YES;
				CLANG_ENABLE_OBJC_WEAK = YES;
				CLANG_WARN_BLOCK_CAPTURE_AUTORELEASING = YES;
				CLANG_WARN_BOOL_CONVERSION = YES;
				CLANG_WARN_COMMA = YES;
				CLANG_WARN_CONSTANT_CONVERSION = YES;
				CLANG_WARN_DEPRECATED_OBJC_IMPLEMENTATIONS = YES;
				CLANG_WARN_DIRECT_OBJC_ISA_USAGE = YES_ERROR;
				CLANG_WARN_DOCUMENTATION_COMMENTS = YES;
				CLANG_WARN_EMPTY_BODY = YES;
				CLANG_WARN_ENUM_CONVERSION = YES;
				CLANG_WARN_INFINITE_RECURSION = YES;
				CLANG_WARN_INT_CONVERSION = YES;
				CLANG_WARN_NON_LITERAL_NULL_CONVERSION = YES;
				CLANG_WARN_OBJC_IMPLICIT_RETAIN_SELF = YES;
				CLANG_WARN_OBJC_LITERAL_CONVERSION = YES;
				CLANG_WARN_OBJC_ROOT_CLASS = YES_ERROR;
				CLANG_WARN_RANGE_LOOP_ANALYSIS = YES;
				CLANG_WARN_STRICT_PROTOTYPES = YES;
				CLANG_WARN_SUSPICIOUS_MOVE = YES;
				CLANG_WARN_UNGUARDED_AVAILABILITY = YES_AGGRESSIVE;
				CLANG_WARN_UNREACHABLE_CODE = YES;
				CLANG_WARN__DUPLICATE_METHOD_MATCH = YES;
				COPY_PHASE_STRIP = NO;
				DEBUG_INFORMATION_FORMAT = "dwarf-with-dsym";
				ENABLE_NS_ASSERTIONS = NO;
				ENABLE_STRICT_OBJC_MSGSEND = YES;
				GCC_C_LANGUAGE_STANDARD = gnu11;
				GCC_NO_COMMON_BLOCKS = YES;
				GCC_WARN_64_TO_32_BIT_CONVERSION = YES;
				GCC_WARN_ABOUT_RETURN_TYPE = YES_ERROR;
				GCC_WARN_UNDECLARED_SELECTOR = YES;
				GCC_WARN_UNINITIALIZED_AUTOS = YES_AGGRESSIVE;
				GCC_WARN_UNUSED_FUNCTION = YES;
				GCC_WARN_UNUSED_VARIABLE = YES;
				IPHONEOS_DEPLOYMENT_TARGET = 13.2;
				MTL_ENABLE_DEBUG_INFO = NO;
				MTL_FAST_MATH = YES;
				SDKROOT = iphoneos;
				SWIFT_COMPILATION_MODE = wholemodule;
				SWIFT_OPTIMIZATION_LEVEL = "-O";
				VALIDATE_PRODUCT = YES;
			};
			name = Release;
		};
		6DF92A90248F053C00FED26A /* Debug */ = {
			isa = XCBuildConfiguration;
			buildSettings = {
				ASSETCATALOG_COMPILER_APPICON_NAME = AppIcon;
				CODE_SIGN_STYLE = Automatic;
				INFOPLIST_FILE = Github/Info.plist;
				LD_RUNPATH_SEARCH_PATHS = (
					"$(inherited)",
					"@executable_path/Frameworks",
				);
				PRODUCT_BUNDLE_IDENTIFIER = com.br.Github;
				PRODUCT_NAME = "$(TARGET_NAME)";
				SWIFT_VERSION = 5.0;
				TARGETED_DEVICE_FAMILY = "1,2";
			};
			name = Debug;
		};
		6DF92A91248F053C00FED26A /* Release */ = {
			isa = XCBuildConfiguration;
			buildSettings = {
				ASSETCATALOG_COMPILER_APPICON_NAME = AppIcon;
				CODE_SIGN_STYLE = Automatic;
				INFOPLIST_FILE = Github/Info.plist;
				LD_RUNPATH_SEARCH_PATHS = (
					"$(inherited)",
					"@executable_path/Frameworks",
				);
				PRODUCT_BUNDLE_IDENTIFIER = com.br.Github;
				PRODUCT_NAME = "$(TARGET_NAME)";
				SWIFT_VERSION = 5.0;
				TARGETED_DEVICE_FAMILY = "1,2";
			};
			name = Release;
		};
		6DF92A93248F053C00FED26A /* Debug */ = {
			isa = XCBuildConfiguration;
			buildSettings = {
				ALWAYS_EMBED_SWIFT_STANDARD_LIBRARIES = YES;
				BUNDLE_LOADER = "$(TEST_HOST)";
				CODE_SIGN_STYLE = Automatic;
				INFOPLIST_FILE = GithubTests/Info.plist;
				IPHONEOS_DEPLOYMENT_TARGET = 13.2;
				LD_RUNPATH_SEARCH_PATHS = (
					"$(inherited)",
					"@executable_path/Frameworks",
					"@loader_path/Frameworks",
				);
				PRODUCT_BUNDLE_IDENTIFIER = com.br.GithubTests;
				PRODUCT_NAME = "$(TARGET_NAME)";
				SWIFT_VERSION = 5.0;
				TARGETED_DEVICE_FAMILY = "1,2";
				TEST_HOST = "$(BUILT_PRODUCTS_DIR)/Github.app/Github";
			};
			name = Debug;
		};
		6DF92A94248F053C00FED26A /* Release */ = {
			isa = XCBuildConfiguration;
			buildSettings = {
				ALWAYS_EMBED_SWIFT_STANDARD_LIBRARIES = YES;
				BUNDLE_LOADER = "$(TEST_HOST)";
				CODE_SIGN_STYLE = Automatic;
				INFOPLIST_FILE = GithubTests/Info.plist;
				IPHONEOS_DEPLOYMENT_TARGET = 13.2;
				LD_RUNPATH_SEARCH_PATHS = (
					"$(inherited)",
					"@executable_path/Frameworks",
					"@loader_path/Frameworks",
				);
				PRODUCT_BUNDLE_IDENTIFIER = com.br.GithubTests;
				PRODUCT_NAME = "$(TARGET_NAME)";
				SWIFT_VERSION = 5.0;
				TARGETED_DEVICE_FAMILY = "1,2";
				TEST_HOST = "$(BUILT_PRODUCTS_DIR)/Github.app/Github";
			};
			name = Release;
		};
		6DF92A96248F053C00FED26A /* Debug */ = {
			isa = XCBuildConfiguration;
			buildSettings = {
				ALWAYS_EMBED_SWIFT_STANDARD_LIBRARIES = YES;
				CODE_SIGN_STYLE = Automatic;
				INFOPLIST_FILE = GithubUITests/Info.plist;
				LD_RUNPATH_SEARCH_PATHS = (
					"$(inherited)",
					"@executable_path/Frameworks",
					"@loader_path/Frameworks",
				);
				PRODUCT_BUNDLE_IDENTIFIER = com.br.GithubUITests;
				PRODUCT_NAME = "$(TARGET_NAME)";
				SWIFT_VERSION = 5.0;
				TARGETED_DEVICE_FAMILY = "1,2";
				TEST_TARGET_NAME = Github;
			};
			name = Debug;
		};
		6DF92A97248F053C00FED26A /* Release */ = {
			isa = XCBuildConfiguration;
			buildSettings = {
				ALWAYS_EMBED_SWIFT_STANDARD_LIBRARIES = YES;
				CODE_SIGN_STYLE = Automatic;
				INFOPLIST_FILE = GithubUITests/Info.plist;
				LD_RUNPATH_SEARCH_PATHS = (
					"$(inherited)",
					"@executable_path/Frameworks",
					"@loader_path/Frameworks",
				);
				PRODUCT_BUNDLE_IDENTIFIER = com.br.GithubUITests;
				PRODUCT_NAME = "$(TARGET_NAME)";
				SWIFT_VERSION = 5.0;
				TARGETED_DEVICE_FAMILY = "1,2";
				TEST_TARGET_NAME = Github;
			};
			name = Release;
		};
/* End XCBuildConfiguration section */

/* Begin XCConfigurationList section */
		6DF92A60248F053A00FED26A /* Build configuration list for PBXProject "Github" */ = {
			isa = XCConfigurationList;
			buildConfigurations = (
				6DF92A8D248F053C00FED26A /* Debug */,
				6DF92A8E248F053C00FED26A /* Release */,
			);
			defaultConfigurationIsVisible = 0;
			defaultConfigurationName = Release;
		};
		6DF92A8F248F053C00FED26A /* Build configuration list for PBXNativeTarget "Github" */ = {
			isa = XCConfigurationList;
			buildConfigurations = (
				6DF92A90248F053C00FED26A /* Debug */,
				6DF92A91248F053C00FED26A /* Release */,
			);
			defaultConfigurationIsVisible = 0;
			defaultConfigurationName = Release;
		};
		6DF92A92248F053C00FED26A /* Build configuration list for PBXNativeTarget "GithubTests" */ = {
			isa = XCConfigurationList;
			buildConfigurations = (
				6DF92A93248F053C00FED26A /* Debug */,
				6DF92A94248F053C00FED26A /* Release */,
			);
			defaultConfigurationIsVisible = 0;
			defaultConfigurationName = Release;
		};
		6DF92A95248F053C00FED26A /* Build configuration list for PBXNativeTarget "GithubUITests" */ = {
			isa = XCConfigurationList;
			buildConfigurations = (
				6DF92A96248F053C00FED26A /* Debug */,
				6DF92A97248F053C00FED26A /* Release */,
			);
			defaultConfigurationIsVisible = 0;
			defaultConfigurationName = Release;
		};
/* End XCConfigurationList section */
	};
	rootObject = 6DF92A5D248F053A00FED26A /* Project object */;
}
